PODS:
  - AgentforceSDK (11.8.5-local):
    - AgentforceService
    - LiveKitClient
    - SalesforceLogging
    - SalesforceNavigation
    - SalesforceNetwork
    - SalesforceUser
  - AgentforceService (3.2.0-local):
    - DequeModule
    - InternalCollectionsUtilities
    - LiveKitClient
    - OrderedCollections
    - SalesforceLogging
    - SalesforceNetwork
  - boost (1.83.0)
  - DequeModule (1.0.4)
  - DoubleConversion (1.1.6)
  - FBLazyVector (0.74.7)
  - FMDB/Core (2.7.12)
  - FMDB/SQLCipher (2.7.12):
    - FMDB/Core
    - SQLCipher (~> 4.6)
  - fmt (9.1.0)
  - glog (0.3.5)
  - hermes-engine (0.74.7):
    - hermes-engine/Pre-built (= 0.74.7)
  - hermes-engine/Pre-built (0.74.7)
  - InternalCollectionsUtilities (1.1.1)
  - LiveKitClient (2.0.18):
    - LiveKitWebRTC (= 125.6422.11)
    - Logging
    - SwiftProtobuf
  - LiveKitWebRTC (125.6422.11)
  - Logging (1.4.0)
  - MobileSync (13.0.2):
    - MobileSync/MobileSync (= 13.0.2)
  - MobileSync/MobileSync (13.0.2):
    - SmartStore (~> 13.0.2)
  - OrderedCollections (1.0.4)
  - RCT-Folly (2024.01.01.00):
    - boost
    - DoubleConversion
    - fmt (= 9.1.0)
    - glog
    - RCT-Folly/Default (= 2024.01.01.00)
  - RCT-Folly/Default (2024.01.01.00):
    - boost
    - DoubleConversion
    - fmt (= 9.1.0)
    - glog
  - RCT-Folly/Fabric (2024.01.01.00):
    - boost
    - DoubleConversion
    - fmt (= 9.1.0)
    - glog
  - RCTDeprecation (0.74.7)
  - RCTRequired (0.74.7)
  - RCTTypeSafety (0.74.7):
    - FBLazyVector (= 0.74.7)
    - RCTRequired (= 0.74.7)
    - React-Core (= 0.74.7)
  - React (0.74.7):
    - React-Core (= 0.74.7)
    - React-Core/DevSupport (= 0.74.7)
    - React-Core/RCTWebSocket (= 0.74.7)
    - React-RCTActionSheet (= 0.74.7)
    - React-RCTAnimation (= 0.74.7)
    - React-RCTBlob (= 0.74.7)
    - React-RCTImage (= 0.74.7)
    - React-RCTLinking (= 0.74.7)
    - React-RCTNetwork (= 0.74.7)
    - React-RCTSettings (= 0.74.7)
    - React-RCTText (= 0.74.7)
    - React-RCTVibration (= 0.74.7)
  - React-callinvoker (0.74.7)
  - React-Codegen (0.74.7):
    - DoubleConversion
    - glog
    - hermes-engine
    - RCT-Folly
    - RCTRequired
    - RCTTypeSafety
    - React-Core
    - React-debug
    - React-Fabric
    - React-FabricImage
    - React-featureflags
    - React-graphics
    - React-jsi
    - React-jsiexecutor
    - React-NativeModulesApple
    - React-rendererdebug
    - React-utils
    - ReactCommon/turbomodule/bridging
    - ReactCommon/turbomodule/core
  - React-Core (0.74.7):
    - glog
    - hermes-engine
    - RCT-Folly (= 2024.01.01.00)
    - RCTDeprecation
    - React-Core/Default (= 0.74.7)
    - React-cxxreact
    - React-featureflags
    - React-hermes
    - React-jsi
    - React-jsiexecutor
    - React-jsinspector
    - React-perflogger
    - React-runtimescheduler
    - React-utils
    - SocketRocket (= 0.7.0)
    - Yoga
  - React-Core/CoreModulesHeaders (0.74.7):
    - glog
    - hermes-engine
    - RCT-Folly (= 2024.01.01.00)
    - RCTDeprecation
    - React-Core/Default
    - React-cxxreact
    - React-featureflags
    - React-hermes
    - React-jsi
    - React-jsiexecutor
    - React-jsinspector
    - React-perflogger
    - React-runtimescheduler
    - React-utils
    - SocketRocket (= 0.7.0)
    - Yoga
  - React-Core/Default (0.74.7):
    - glog
    - hermes-engine
    - RCT-Folly (= 2024.01.01.00)
    - RCTDeprecation
    - React-cxxreact
    - React-featureflags
    - React-hermes
    - React-jsi
    - React-jsiexecutor
    - React-jsinspector
    - React-perflogger
    - React-runtimescheduler
    - React-utils
    - SocketRocket (= 0.7.0)
    - Yoga
  - React-Core/DevSupport (0.74.7):
    - glog
    - hermes-engine
    - RCT-Folly (= 2024.01.01.00)
    - RCTDeprecation
    - React-Core/Default (= 0.74.7)
    - React-Core/RCTWebSocket (= 0.74.7)
    - React-cxxreact
    - React-featureflags
    - React-hermes
    - React-jsi
    - React-jsiexecutor
    - React-jsinspector
    - React-perflogger
    - React-runtimescheduler
    - React-utils
    - SocketRocket (= 0.7.0)
    - Yoga
  - React-Core/RCTActionSheetHeaders (0.74.7):
    - glog
    - hermes-engine
    - RCT-Folly (= 2024.01.01.00)
    - RCTDeprecation
    - React-Core/Default
    - React-cxxreact
    - React-featureflags
    - React-hermes
    - React-jsi
    - React-jsiexecutor
    - React-jsinspector
    - React-perflogger
    - React-runtimescheduler
    - React-utils
    - SocketRocket (= 0.7.0)
    - Yoga
  - React-Core/RCTAnimationHeaders (0.74.7):
    - glog
    - hermes-engine
    - RCT-Folly (= 2024.01.01.00)
    - RCTDeprecation
    - React-Core/Default
    - React-cxxreact
    - React-featureflags
    - React-hermes
    - React-jsi
    - React-jsiexecutor
    - React-jsinspector
    - React-perflogger
    - React-runtimescheduler
    - React-utils
    - SocketRocket (= 0.7.0)
    - Yoga
  - React-Core/RCTBlobHeaders (0.74.7):
    - glog
    - hermes-engine
    - RCT-Folly (= 2024.01.01.00)
    - RCTDeprecation
    - React-Core/Default
    - React-cxxreact
    - React-featureflags
    - React-hermes
    - React-jsi
    - React-jsiexecutor
    - React-jsinspector
    - React-perflogger
    - React-runtimescheduler
    - React-utils
    - SocketRocket (= 0.7.0)
    - Yoga
  - React-Core/RCTImageHeaders (0.74.7):
    - glog
    - hermes-engine
    - RCT-Folly (= 2024.01.01.00)
    - RCTDeprecation
    - React-Core/Default
    - React-cxxreact
    - React-featureflags
    - React-hermes
    - React-jsi
    - React-jsiexecutor
    - React-jsinspector
    - React-perflogger
    - React-runtimescheduler
    - React-utils
    - SocketRocket (= 0.7.0)
    - Yoga
  - React-Core/RCTLinkingHeaders (0.74.7):
    - glog
    - hermes-engine
    - RCT-Folly (= 2024.01.01.00)
    - RCTDeprecation
    - React-Core/Default
    - React-cxxreact
    - React-featureflags
    - React-hermes
    - React-jsi
    - React-jsiexecutor
    - React-jsinspector
    - React-perflogger
    - React-runtimescheduler
    - React-utils
    - SocketRocket (= 0.7.0)
    - Yoga
  - React-Core/RCTNetworkHeaders (0.74.7):
    - glog
    - hermes-engine
    - RCT-Folly (= 2024.01.01.00)
    - RCTDeprecation
    - React-Core/Default
    - React-cxxreact
    - React-featureflags
    - React-hermes
    - React-jsi
    - React-jsiexecutor
    - React-jsinspector
    - React-perflogger
    - React-runtimescheduler
    - React-utils
    - SocketRocket (= 0.7.0)
    - Yoga
  - React-Core/RCTSettingsHeaders (0.74.7):
    - glog
    - hermes-engine
    - RCT-Folly (= 2024.01.01.00)
    - RCTDeprecation
    - React-Core/Default
    - React-cxxreact
    - React-featureflags
    - React-hermes
    - React-jsi
    - React-jsiexecutor
    - React-jsinspector
    - React-perflogger
    - React-runtimescheduler
    - React-utils
    - SocketRocket (= 0.7.0)
    - Yoga
  - React-Core/RCTTextHeaders (0.74.7):
    - glog
    - hermes-engine
    - RCT-Folly (= 2024.01.01.00)
    - RCTDeprecation
    - React-Core/Default
    - React-cxxreact
    - React-featureflags
    - React-hermes
    - React-jsi
    - React-jsiexecutor
    - React-jsinspector
    - React-perflogger
    - React-runtimescheduler
    - React-utils
    - SocketRocket (= 0.7.0)
    - Yoga
  - React-Core/RCTVibrationHeaders (0.74.7):
    - glog
    - hermes-engine
    - RCT-Folly (= 2024.01.01.00)
    - RCTDeprecation
    - React-Core/Default
    - React-cxxreact
    - React-featureflags
    - React-hermes
    - React-jsi
    - React-jsiexecutor
    - React-jsinspector
    - React-perflogger
    - React-runtimescheduler
    - React-utils
    - SocketRocket (= 0.7.0)
    - Yoga
  - React-Core/RCTWebSocket (0.74.7):
    - glog
    - hermes-engine
    - RCT-Folly (= 2024.01.01.00)
    - RCTDeprecation
    - React-Core/Default (= 0.74.7)
    - React-cxxreact
    - React-featureflags
    - React-hermes
    - React-jsi
    - React-jsiexecutor
    - React-jsinspector
    - React-perflogger
    - React-runtimescheduler
    - React-utils
    - SocketRocket (= 0.7.0)
    - Yoga
  - React-CoreModules (0.74.7):
    - DoubleConversion
    - fmt (= 9.1.0)
    - RCT-Folly (= 2024.01.01.00)
    - RCTTypeSafety (= 0.74.7)
    - React-Codegen
    - React-Core/CoreModulesHeaders (= 0.74.7)
    - React-jsi (= 0.74.7)
    - React-jsinspector
    - React-NativeModulesApple
    - React-RCTBlob
    - React-RCTImage (= 0.74.7)
    - ReactCommon
    - SocketRocket (= 0.7.0)
  - React-cxxreact (0.74.7):
    - boost (= 1.83.0)
    - DoubleConversion
    - fmt (= 9.1.0)
    - glog
    - hermes-engine
    - RCT-Folly (= 2024.01.01.00)
    - React-callinvoker (= 0.74.7)
    - React-debug (= 0.74.7)
    - React-jsi (= 0.74.7)
    - React-jsinspector
    - React-logger (= 0.74.7)
    - React-perflogger (= 0.74.7)
    - React-runtimeexecutor (= 0.74.7)
  - React-debug (0.74.7)
  - React-Fabric (0.74.7):
    - DoubleConversion
    - fmt (= 9.1.0)
    - glog
    - hermes-engine
    - RCT-Folly/Fabric (= 2024.01.01.00)
    - RCTRequired
    - RCTTypeSafety
    - React-Core
    - React-cxxreact
    - React-debug
    - React-Fabric/animations (= 0.74.7)
    - React-Fabric/attributedstring (= 0.74.7)
    - React-Fabric/componentregistry (= 0.74.7)
    - React-Fabric/componentregistrynative (= 0.74.7)
    - React-Fabric/components (= 0.74.7)
    - React-Fabric/core (= 0.74.7)
    - React-Fabric/imagemanager (= 0.74.7)
    - React-Fabric/leakchecker (= 0.74.7)
    - React-Fabric/mounting (= 0.74.7)
    - React-Fabric/scheduler (= 0.74.7)
    - React-Fabric/telemetry (= 0.74.7)
    - React-Fabric/templateprocessor (= 0.74.7)
    - React-Fabric/textlayoutmanager (= 0.74.7)
    - React-Fabric/uimanager (= 0.74.7)
    - React-graphics
    - React-jsi
    - React-jsiexecutor
    - React-logger
    - React-rendererdebug
    - React-runtimescheduler
    - React-utils
    - ReactCommon/turbomodule/core
  - React-Fabric/animations (0.74.7):
    - DoubleConversion
    - fmt (= 9.1.0)
    - glog
    - hermes-engine
    - RCT-Folly/Fabric (= 2024.01.01.00)
    - RCTRequired
    - RCTTypeSafety
    - React-Core
    - React-cxxreact
    - React-debug
    - React-graphics
    - React-jsi
    - React-jsiexecutor
    - React-logger
    - React-rendererdebug
    - React-runtimescheduler
    - React-utils
    - ReactCommon/turbomodule/core
  - React-Fabric/attributedstring (0.74.7):
    - DoubleConversion
    - fmt (= 9.1.0)
    - glog
    - hermes-engine
    - RCT-Folly/Fabric (= 2024.01.01.00)
    - RCTRequired
    - RCTTypeSafety
    - React-Core
    - React-cxxreact
    - React-debug
    - React-graphics
    - React-jsi
    - React-jsiexecutor
    - React-logger
    - React-rendererdebug
    - React-runtimescheduler
    - React-utils
    - ReactCommon/turbomodule/core
  - React-Fabric/componentregistry (0.74.7):
    - DoubleConversion
    - fmt (= 9.1.0)
    - glog
    - hermes-engine
    - RCT-Folly/Fabric (= 2024.01.01.00)
    - RCTRequired
    - RCTTypeSafety
    - React-Core
    - React-cxxreact
    - React-debug
    - React-graphics
    - React-jsi
    - React-jsiexecutor
    - React-logger
    - React-rendererdebug
    - React-runtimescheduler
    - React-utils
    - ReactCommon/turbomodule/core
  - React-Fabric/componentregistrynative (0.74.7):
    - DoubleConversion
    - fmt (= 9.1.0)
    - glog
    - hermes-engine
    - RCT-Folly/Fabric (= 2024.01.01.00)
    - RCTRequired
    - RCTTypeSafety
    - React-Core
    - React-cxxreact
    - React-debug
    - React-graphics
    - React-jsi
    - React-jsiexecutor
    - React-logger
    - React-rendererdebug
    - React-runtimescheduler
    - React-utils
    - ReactCommon/turbomodule/core
  - React-Fabric/components (0.74.7):
    - DoubleConversion
    - fmt (= 9.1.0)
    - glog
    - hermes-engine
    - RCT-Folly/Fabric (= 2024.01.01.00)
    - RCTRequired
    - RCTTypeSafety
    - React-Core
    - React-cxxreact
    - React-debug
    - React-Fabric/components/inputaccessory (= 0.74.7)
    - React-Fabric/components/legacyviewmanagerinterop (= 0.74.7)
    - React-Fabric/components/modal (= 0.74.7)
    - React-Fabric/components/rncore (= 0.74.7)
    - React-Fabric/components/root (= 0.74.7)
    - React-Fabric/components/safeareaview (= 0.74.7)
    - React-Fabric/components/scrollview (= 0.74.7)
    - React-Fabric/components/text (= 0.74.7)
    - React-Fabric/components/textinput (= 0.74.7)
    - React-Fabric/components/unimplementedview (= 0.74.7)
    - React-Fabric/components/view (= 0.74.7)
    - React-graphics
    - React-jsi
    - React-jsiexecutor
    - React-logger
    - React-rendererdebug
    - React-runtimescheduler
    - React-utils
    - ReactCommon/turbomodule/core
  - React-Fabric/components/inputaccessory (0.74.7):
    - DoubleConversion
    - fmt (= 9.1.0)
    - glog
    - hermes-engine
    - RCT-Folly/Fabric (= 2024.01.01.00)
    - RCTRequired
    - RCTTypeSafety
    - React-Core
    - React-cxxreact
    - React-debug
    - React-graphics
    - React-jsi
    - React-jsiexecutor
    - React-logger
    - React-rendererdebug
    - React-runtimescheduler
    - React-utils
    - ReactCommon/turbomodule/core
  - React-Fabric/components/legacyviewmanagerinterop (0.74.7):
    - DoubleConversion
    - fmt (= 9.1.0)
    - glog
    - hermes-engine
    - RCT-Folly/Fabric (= 2024.01.01.00)
    - RCTRequired
    - RCTTypeSafety
    - React-Core
    - React-cxxreact
    - React-debug
    - React-graphics
    - React-jsi
    - React-jsiexecutor
    - React-logger
    - React-rendererdebug
    - React-runtimescheduler
    - React-utils
    - ReactCommon/turbomodule/core
  - React-Fabric/components/modal (0.74.7):
    - DoubleConversion
    - fmt (= 9.1.0)
    - glog
    - hermes-engine
    - RCT-Folly/Fabric (= 2024.01.01.00)
    - RCTRequired
    - RCTTypeSafety
    - React-Core
    - React-cxxreact
    - React-debug
    - React-graphics
    - React-jsi
    - React-jsiexecutor
    - React-logger
    - React-rendererdebug
    - React-runtimescheduler
    - React-utils
    - ReactCommon/turbomodule/core
  - React-Fabric/components/rncore (0.74.7):
    - DoubleConversion
    - fmt (= 9.1.0)
    - glog
    - hermes-engine
    - RCT-Folly/Fabric (= 2024.01.01.00)
    - RCTRequired
    - RCTTypeSafety
    - React-Core
    - React-cxxreact
    - React-debug
    - React-graphics
    - React-jsi
    - React-jsiexecutor
    - React-logger
    - React-rendererdebug
    - React-runtimescheduler
    - React-utils
    - ReactCommon/turbomodule/core
  - React-Fabric/components/root (0.74.7):
    - DoubleConversion
    - fmt (= 9.1.0)
    - glog
    - hermes-engine
    - RCT-Folly/Fabric (= 2024.01.01.00)
    - RCTRequired
    - RCTTypeSafety
    - React-Core
    - React-cxxreact
    - React-debug
    - React-graphics
    - React-jsi
    - React-jsiexecutor
    - React-logger
    - React-rendererdebug
    - React-runtimescheduler
    - React-utils
    - ReactCommon/turbomodule/core
  - React-Fabric/components/safeareaview (0.74.7):
    - DoubleConversion
    - fmt (= 9.1.0)
    - glog
    - hermes-engine
    - RCT-Folly/Fabric (= 2024.01.01.00)
    - RCTRequired
    - RCTTypeSafety
    - React-Core
    - React-cxxreact
    - React-debug
    - React-graphics
    - React-jsi
    - React-jsiexecutor
    - React-logger
    - React-rendererdebug
    - React-runtimescheduler
    - React-utils
    - ReactCommon/turbomodule/core
  - React-Fabric/components/scrollview (0.74.7):
    - DoubleConversion
    - fmt (= 9.1.0)
    - glog
    - hermes-engine
    - RCT-Folly/Fabric (= 2024.01.01.00)
    - RCTRequired
    - RCTTypeSafety
    - React-Core
    - React-cxxreact
    - React-debug
    - React-graphics
    - React-jsi
    - React-jsiexecutor
    - React-logger
    - React-rendererdebug
    - React-runtimescheduler
    - React-utils
    - ReactCommon/turbomodule/core
  - React-Fabric/components/text (0.74.7):
    - DoubleConversion
    - fmt (= 9.1.0)
    - glog
    - hermes-engine
    - RCT-Folly/Fabric (= 2024.01.01.00)
    - RCTRequired
    - RCTTypeSafety
    - React-Core
    - React-cxxreact
    - React-debug
    - React-graphics
    - React-jsi
    - React-jsiexecutor
    - React-logger
    - React-rendererdebug
    - React-runtimescheduler
    - React-utils
    - ReactCommon/turbomodule/core
  - React-Fabric/components/textinput (0.74.7):
    - DoubleConversion
    - fmt (= 9.1.0)
    - glog
    - hermes-engine
    - RCT-Folly/Fabric (= 2024.01.01.00)
    - RCTRequired
    - RCTTypeSafety
    - React-Core
    - React-cxxreact
    - React-debug
    - React-graphics
    - React-jsi
    - React-jsiexecutor
    - React-logger
    - React-rendererdebug
    - React-runtimescheduler
    - React-utils
    - ReactCommon/turbomodule/core
  - React-Fabric/components/unimplementedview (0.74.7):
    - DoubleConversion
    - fmt (= 9.1.0)
    - glog
    - hermes-engine
    - RCT-Folly/Fabric (= 2024.01.01.00)
    - RCTRequired
    - RCTTypeSafety
    - React-Core
    - React-cxxreact
    - React-debug
    - React-graphics
    - React-jsi
    - React-jsiexecutor
    - React-logger
    - React-rendererdebug
    - React-runtimescheduler
    - React-utils
    - ReactCommon/turbomodule/core
  - React-Fabric/components/view (0.74.7):
    - DoubleConversion
    - fmt (= 9.1.0)
    - glog
    - hermes-engine
    - RCT-Folly/Fabric (= 2024.01.01.00)
    - RCTRequired
    - RCTTypeSafety
    - React-Core
    - React-cxxreact
    - React-debug
    - React-graphics
    - React-jsi
    - React-jsiexecutor
    - React-logger
    - React-rendererdebug
    - React-runtimescheduler
    - React-utils
    - ReactCommon/turbomodule/core
    - Yoga
  - React-Fabric/core (0.74.7):
    - DoubleConversion
    - fmt (= 9.1.0)
    - glog
    - hermes-engine
    - RCT-Folly/Fabric (= 2024.01.01.00)
    - RCTRequired
    - RCTTypeSafety
    - React-Core
    - React-cxxreact
    - React-debug
    - React-graphics
    - React-jsi
    - React-jsiexecutor
    - React-logger
    - React-rendererdebug
    - React-runtimescheduler
    - React-utils
    - ReactCommon/turbomodule/core
  - React-Fabric/imagemanager (0.74.7):
    - DoubleConversion
    - fmt (= 9.1.0)
    - glog
    - hermes-engine
    - RCT-Folly/Fabric (= 2024.01.01.00)
    - RCTRequired
    - RCTTypeSafety
    - React-Core
    - React-cxxreact
    - React-debug
    - React-graphics
    - React-jsi
    - React-jsiexecutor
    - React-logger
    - React-rendererdebug
    - React-runtimescheduler
    - React-utils
    - ReactCommon/turbomodule/core
  - React-Fabric/leakchecker (0.74.7):
    - DoubleConversion
    - fmt (= 9.1.0)
    - glog
    - hermes-engine
    - RCT-Folly/Fabric (= 2024.01.01.00)
    - RCTRequired
    - RCTTypeSafety
    - React-Core
    - React-cxxreact
    - React-debug
    - React-graphics
    - React-jsi
    - React-jsiexecutor
    - React-logger
    - React-rendererdebug
    - React-runtimescheduler
    - React-utils
    - ReactCommon/turbomodule/core
  - React-Fabric/mounting (0.74.7):
    - DoubleConversion
    - fmt (= 9.1.0)
    - glog
    - hermes-engine
    - RCT-Folly/Fabric (= 2024.01.01.00)
    - RCTRequired
    - RCTTypeSafety
    - React-Core
    - React-cxxreact
    - React-debug
    - React-graphics
    - React-jsi
    - React-jsiexecutor
    - React-logger
    - React-rendererdebug
    - React-runtimescheduler
    - React-utils
    - ReactCommon/turbomodule/core
  - React-Fabric/scheduler (0.74.7):
    - DoubleConversion
    - fmt (= 9.1.0)
    - glog
    - hermes-engine
    - RCT-Folly/Fabric (= 2024.01.01.00)
    - RCTRequired
    - RCTTypeSafety
    - React-Core
    - React-cxxreact
    - React-debug
    - React-graphics
    - React-jsi
    - React-jsiexecutor
    - React-logger
    - React-rendererdebug
    - React-runtimescheduler
    - React-utils
    - ReactCommon/turbomodule/core
  - React-Fabric/telemetry (0.74.7):
    - DoubleConversion
    - fmt (= 9.1.0)
    - glog
    - hermes-engine
    - RCT-Folly/Fabric (= 2024.01.01.00)
    - RCTRequired
    - RCTTypeSafety
    - React-Core
    - React-cxxreact
    - React-debug
    - React-graphics
    - React-jsi
    - React-jsiexecutor
    - React-logger
    - React-rendererdebug
    - React-runtimescheduler
    - React-utils
    - ReactCommon/turbomodule/core
  - React-Fabric/templateprocessor (0.74.7):
    - DoubleConversion
    - fmt (= 9.1.0)
    - glog
    - hermes-engine
    - RCT-Folly/Fabric (= 2024.01.01.00)
    - RCTRequired
    - RCTTypeSafety
    - React-Core
    - React-cxxreact
    - React-debug
    - React-graphics
    - React-jsi
    - React-jsiexecutor
    - React-logger
    - React-rendererdebug
    - React-runtimescheduler
    - React-utils
    - ReactCommon/turbomodule/core
  - React-Fabric/textlayoutmanager (0.74.7):
    - DoubleConversion
    - fmt (= 9.1.0)
    - glog
    - hermes-engine
    - RCT-Folly/Fabric (= 2024.01.01.00)
    - RCTRequired
    - RCTTypeSafety
    - React-Core
    - React-cxxreact
    - React-debug
    - React-Fabric/uimanager
    - React-graphics
    - React-jsi
    - React-jsiexecutor
    - React-logger
    - React-rendererdebug
    - React-runtimescheduler
    - React-utils
    - ReactCommon/turbomodule/core
  - React-Fabric/uimanager (0.74.7):
    - DoubleConversion
    - fmt (= 9.1.0)
    - glog
    - hermes-engine
    - RCT-Folly/Fabric (= 2024.01.01.00)
    - RCTRequired
    - RCTTypeSafety
    - React-Core
    - React-cxxreact
    - React-debug
    - React-graphics
    - React-jsi
    - React-jsiexecutor
    - React-logger
    - React-rendererdebug
    - React-runtimescheduler
    - React-utils
    - ReactCommon/turbomodule/core
  - React-FabricImage (0.74.7):
    - DoubleConversion
    - fmt (= 9.1.0)
    - glog
    - hermes-engine
    - RCT-Folly/Fabric (= 2024.01.01.00)
    - RCTRequired (= 0.74.7)
    - RCTTypeSafety (= 0.74.7)
    - React-Fabric
    - React-graphics
    - React-ImageManager
    - React-jsi
    - React-jsiexecutor (= 0.74.7)
    - React-logger
    - React-rendererdebug
    - React-utils
    - ReactCommon
    - Yoga
  - React-featureflags (0.74.7)
  - React-graphics (0.74.7):
    - DoubleConversion
    - fmt (= 9.1.0)
    - glog
    - RCT-Folly/Fabric (= 2024.01.01.00)
    - React-Core/Default (= 0.74.7)
    - React-utils
  - React-hermes (0.74.7):
    - DoubleConversion
    - fmt (= 9.1.0)
    - glog
    - hermes-engine
    - RCT-Folly (= 2024.01.01.00)
    - React-cxxreact (= 0.74.7)
    - React-jsi
    - React-jsiexecutor (= 0.74.7)
    - React-jsinspector
    - React-perflogger (= 0.74.7)
    - React-runtimeexecutor
  - React-ImageManager (0.74.7):
    - glog
    - RCT-Folly/Fabric
    - React-Core/Default
    - React-debug
    - React-Fabric
    - React-graphics
    - React-rendererdebug
    - React-utils
  - React-jserrorhandler (0.74.7):
    - RCT-Folly/Fabric (= 2024.01.01.00)
    - React-debug
    - React-jsi
    - React-Mapbuffer
  - React-jsi (0.74.7):
    - boost (= 1.83.0)
    - DoubleConversion
    - fmt (= 9.1.0)
    - glog
    - hermes-engine
    - RCT-Folly (= 2024.01.01.00)
  - React-jsiexecutor (0.74.7):
    - DoubleConversion
    - fmt (= 9.1.0)
    - glog
    - hermes-engine
    - RCT-Folly (= 2024.01.01.00)
    - React-cxxreact (= 0.74.7)
    - React-jsi (= 0.74.7)
    - React-jsinspector
    - React-perflogger (= 0.74.7)
  - React-jsinspector (0.74.7):
    - DoubleConversion
    - glog
    - hermes-engine
    - RCT-Folly (= 2024.01.01.00)
    - React-featureflags
    - React-jsi
    - React-runtimeexecutor (= 0.74.7)
  - React-jsitracing (0.74.7):
    - React-jsi
  - React-logger (0.74.7):
    - glog
  - React-Mapbuffer (0.74.7):
    - glog
    - React-debug
  - react-native-safe-area-context (4.14.1):
    - React-Core
  - React-nativeconfig (0.74.7)
  - React-NativeModulesApple (0.74.7):
    - glog
    - hermes-engine
    - React-callinvoker
    - React-Core
    - React-cxxreact
    - React-jsi
    - React-jsinspector
    - React-runtimeexecutor
    - ReactCommon/turbomodule/bridging
    - ReactCommon/turbomodule/core
  - React-perflogger (0.74.7)
  - React-RCTActionSheet (0.74.7):
    - React-Core/RCTActionSheetHeaders (= 0.74.7)
  - React-RCTAnimation (0.74.7):
    - RCT-Folly (= 2024.01.01.00)
    - RCTTypeSafety
    - React-Codegen
    - React-Core/RCTAnimationHeaders
    - React-jsi
    - React-NativeModulesApple
    - ReactCommon
  - React-RCTAppDelegate (0.74.7):
    - RCT-Folly (= 2024.01.01.00)
    - RCTRequired
    - RCTTypeSafety
    - React-Codegen
    - React-Core
    - React-CoreModules
    - React-debug
    - React-Fabric
    - React-featureflags
    - React-graphics
    - React-hermes
    - React-nativeconfig
    - React-NativeModulesApple
    - React-RCTFabric
    - React-RCTImage
    - React-RCTNetwork
    - React-rendererdebug
    - React-RuntimeApple
    - React-RuntimeCore
    - React-RuntimeHermes
    - React-runtimescheduler
    - React-utils
    - ReactCommon
  - React-RCTBlob (0.74.7):
    - DoubleConversion
    - fmt (= 9.1.0)
    - hermes-engine
    - RCT-Folly (= 2024.01.01.00)
    - React-Codegen
    - React-Core/RCTBlobHeaders
    - React-Core/RCTWebSocket
    - React-jsi
    - React-jsinspector
    - React-NativeModulesApple
    - React-RCTNetwork
    - ReactCommon
  - React-RCTFabric (0.74.7):
    - glog
    - hermes-engine
    - RCT-Folly/Fabric (= 2024.01.01.00)
    - React-Core
    - React-debug
    - React-Fabric
    - React-FabricImage
    - React-featureflags
    - React-graphics
    - React-ImageManager
    - React-jsi
    - React-jsinspector
    - React-nativeconfig
    - React-RCTImage
    - React-RCTText
    - React-rendererdebug
    - React-runtimescheduler
    - React-utils
    - Yoga
  - React-RCTImage (0.74.7):
    - RCT-Folly (= 2024.01.01.00)
    - RCTTypeSafety
    - React-Codegen
    - React-Core/RCTImageHeaders
    - React-jsi
    - React-NativeModulesApple
    - React-RCTNetwork
    - ReactCommon
  - React-RCTLinking (0.74.7):
    - React-Codegen
    - React-Core/RCTLinkingHeaders (= 0.74.7)
    - React-jsi (= 0.74.7)
    - React-NativeModulesApple
    - ReactCommon
    - ReactCommon/turbomodule/core (= 0.74.7)
  - React-RCTNetwork (0.74.7):
    - RCT-Folly (= 2024.01.01.00)
    - RCTTypeSafety
    - React-Codegen
    - React-Core/RCTNetworkHeaders
    - React-jsi
    - React-NativeModulesApple
    - ReactCommon
  - React-RCTSettings (0.74.7):
    - RCT-Folly (= 2024.01.01.00)
    - RCTTypeSafety
    - React-Codegen
    - React-Core/RCTSettingsHeaders
    - React-jsi
    - React-NativeModulesApple
    - ReactCommon
  - React-RCTText (0.74.7):
    - React-Core/RCTTextHeaders (= 0.74.7)
    - Yoga
  - React-RCTVibration (0.74.7):
    - RCT-Folly (= 2024.01.01.00)
    - React-Codegen
    - React-Core/RCTVibrationHeaders
    - React-jsi
    - React-NativeModulesApple
    - ReactCommon
  - React-rendererdebug (0.74.7):
    - DoubleConversion
    - fmt (= 9.1.0)
    - RCT-Folly (= 2024.01.01.00)
    - React-debug
  - React-rncore (0.74.7)
  - React-RuntimeApple (0.74.7):
    - hermes-engine
    - RCT-Folly/Fabric (= 2024.01.01.00)
    - React-callinvoker
    - React-Core/Default
    - React-CoreModules
    - React-cxxreact
    - React-jserrorhandler
    - React-jsi
    - React-jsiexecutor
    - React-jsinspector
    - React-Mapbuffer
    - React-NativeModulesApple
    - React-RCTFabric
    - React-RuntimeCore
    - React-runtimeexecutor
    - React-RuntimeHermes
    - React-utils
  - React-RuntimeCore (0.74.7):
    - glog
    - hermes-engine
    - RCT-Folly/Fabric (= 2024.01.01.00)
    - React-cxxreact
    - React-featureflags
    - React-jserrorhandler
    - React-jsi
    - React-jsiexecutor
    - React-jsinspector
    - React-runtimeexecutor
    - React-runtimescheduler
    - React-utils
  - React-runtimeexecutor (0.74.7):
    - React-jsi (= 0.74.7)
  - React-RuntimeHermes (0.74.7):
    - hermes-engine
    - RCT-Folly/Fabric (= 2024.01.01.00)
    - React-featureflags
    - React-hermes
    - React-jsi
    - React-jsinspector
    - React-jsitracing
    - React-nativeconfig
    - React-RuntimeCore
    - React-utils
  - React-runtimescheduler (0.74.7):
    - glog
    - hermes-engine
    - RCT-Folly (= 2024.01.01.00)
    - React-callinvoker
    - React-cxxreact
    - React-debug
    - React-featureflags
    - React-jsi
    - React-rendererdebug
    - React-runtimeexecutor
    - React-utils
  - React-utils (0.74.7):
    - glog
    - hermes-engine
    - RCT-Folly (= 2024.01.01.00)
    - React-debug
    - React-jsi (= 0.74.7)
  - ReactCommon (0.74.7):
    - ReactCommon/turbomodule (= 0.74.7)
  - ReactCommon/turbomodule (0.74.7):
    - DoubleConversion
    - fmt (= 9.1.0)
    - glog
    - hermes-engine
    - RCT-Folly (= 2024.01.01.00)
    - React-callinvoker (= 0.74.7)
    - React-cxxreact (= 0.74.7)
    - React-jsi (= 0.74.7)
    - React-logger (= 0.74.7)
    - React-perflogger (= 0.74.7)
    - ReactCommon/turbomodule/bridging (= 0.74.7)
    - ReactCommon/turbomodule/core (= 0.74.7)
  - ReactCommon/turbomodule/bridging (0.74.7):
    - DoubleConversion
    - fmt (= 9.1.0)
    - glog
    - hermes-engine
    - RCT-Folly (= 2024.01.01.00)
    - React-callinvoker (= 0.74.7)
    - React-cxxreact (= 0.74.7)
    - React-jsi (= 0.74.7)
    - React-logger (= 0.74.7)
    - React-perflogger (= 0.74.7)
  - ReactCommon/turbomodule/core (0.74.7):
    - DoubleConversion
    - fmt (= 9.1.0)
    - glog
    - hermes-engine
    - RCT-Folly (= 2024.01.01.00)
    - React-callinvoker (= 0.74.7)
    - React-cxxreact (= 0.74.7)
    - React-debug (= 0.74.7)
    - React-jsi (= 0.74.7)
    - React-logger (= 0.74.7)
    - React-perflogger (= 0.74.7)
    - React-utils (= 0.74.7)
  - RNCMaskedView (0.3.2):
    - DoubleConversion
    - glog
    - hermes-engine
    - RCT-Folly (= 2024.01.01.00)
    - RCTRequired
    - RCTTypeSafety
    - React-Codegen
    - React-Core
    - React-debug
    - React-Fabric
    - React-featureflags
    - React-graphics
    - React-ImageManager
    - React-NativeModulesApple
    - React-RCTFabric
    - React-rendererdebug
    - React-utils
    - ReactCommon/turbomodule/bridging
    - ReactCommon/turbomodule/core
    - Yoga
  - RNGestureHandler (2.28.0):
    - DoubleConversion
    - glog
    - hermes-engine
    - RCT-Folly (= 2024.01.01.00)
    - RCTRequired
    - RCTTypeSafety
    - React-Codegen
    - React-Core
    - React-debug
    - React-Fabric
    - React-featureflags
    - React-graphics
    - React-ImageManager
    - React-NativeModulesApple
    - React-RCTFabric
    - React-rendererdebug
    - React-utils
    - ReactCommon/turbomodule/bridging
    - ReactCommon/turbomodule/core
    - Yoga
  - RNScreens (3.37.0):
    - DoubleConversion
    - glog
    - hermes-engine
    - RCT-Folly (= 2024.01.01.00)
    - RCTRequired
    - RCTTypeSafety
    - React-Codegen
    - React-Core
    - React-debug
    - React-Fabric
    - React-featureflags
    - React-graphics
    - React-ImageManager
    - React-NativeModulesApple
    - React-RCTFabric
    - React-RCTImage
    - React-rendererdebug
    - React-utils
    - ReactCommon/turbomodule/bridging
    - ReactCommon/turbomodule/core
    - Yoga
  - SalesforceAnalytics (13.0.2):
    - SalesforceAnalytics/SalesforceAnalytics (= 13.0.2)
  - SalesforceAnalytics/SalesforceAnalytics (13.0.2):
    - SalesforceSDKCommon (~> 13.0.2)
  - SalesforceCache (1.0.0)
  - SalesforceLogging (1.0.0)
  - SalesforceNavigation (1.0.0)
  - SalesforceNetwork (1.0.0)
  - SalesforceReact (13.0.2):
    - SalesforceReact/SalesforceReact (= 13.0.2)
  - SalesforceReact/SalesforceReact (13.0.2):
    - MobileSync (~> 13.0.2)
    - React-Core
    - SalesforceAnalytics (~> 13.0.2)
    - SalesforceSDKCommon (~> 13.0.2)
    - SalesforceSDKCore (~> 13.0.2)
    - SmartStore (~> 13.0.2)
  - SalesforceSDKCommon (13.0.2):
    - SalesforceSDKCommon/SalesforceSDKCommon (= 13.0.2)
  - SalesforceSDKCommon/SalesforceSDKCommon (13.0.2)
  - SalesforceSDKCore (13.0.2):
    - SalesforceSDKCore/SalesforceSDKCore (= 13.0.2)
  - SalesforceSDKCore/SalesforceSDKCore (13.0.2):
    - SalesforceAnalytics (~> 13.0.2)
  - SalesforceUser (1.0.0)
  - SmartStore (13.0.2):
    - SmartStore/SmartStore (= 13.0.2)
  - SmartStore/SmartStore (13.0.2):
    - FMDB/SQLCipher (~> 2.7.12)
    - SalesforceSDKCore (~> 13.0.2)
    - SQLCipher (~> 4.6.1)
  - SocketRocket (0.7.0)
  - SQLCipher (4.6.1):
    - SQLCipher/standard (= 4.6.1)
  - SQLCipher/common (4.6.1)
  - SQLCipher/standard (4.6.1):
    - SQLCipher/common
  - SwiftProtobuf (1.31.1)
  - Yoga (0.0.0)

DEPENDENCIES:
  - AgentforceSDK (from `./Frameworks/AgentforceSDK/AgentforceSDK-binary.podspec`)
  - AgentforceService (from `./Frameworks/AgentforceService/AgentforceService-binary.podspec`)
  - boost (from `../node_modules/react-native/third-party-podspecs/boost.podspec`)
  - DoubleConversion (from `../node_modules/react-native/third-party-podspecs/DoubleConversion.podspec`)
  - FBLazyVector (from `../node_modules/react-native/Libraries/FBLazyVector`)
  - fmt (from `../node_modules/react-native/third-party-podspecs/fmt.podspec`)
  - glog (from `../node_modules/react-native/third-party-podspecs/glog.podspec`)
  - hermes-engine (from `../node_modules/react-native/sdks/hermes-engine/hermes-engine.podspec`)
  - MobileSync (from `../mobile_sdk/SalesforceMobileSDK-iOS`)
  - RCT-Folly (from `../node_modules/react-native/third-party-podspecs/RCT-Folly.podspec`)
  - RCT-Folly/Fabric (from `../node_modules/react-native/third-party-podspecs/RCT-Folly.podspec`)
  - RCTDeprecation (from `../node_modules/react-native/ReactApple/Libraries/RCTFoundation/RCTDeprecation`)
  - RCTRequired (from `../node_modules/react-native/Libraries/Required`)
  - RCTTypeSafety (from `../node_modules/react-native/Libraries/TypeSafety`)
  - React (from `../node_modules/react-native/`)
  - React-callinvoker (from `../node_modules/react-native/ReactCommon/callinvoker`)
  - React-Codegen (from `build/generated/ios`)
  - React-Core (from `../node_modules/react-native/`)
  - React-Core/RCTWebSocket (from `../node_modules/react-native/`)
  - React-CoreModules (from `../node_modules/react-native/React/CoreModules`)
  - React-cxxreact (from `../node_modules/react-native/ReactCommon/cxxreact`)
  - React-debug (from `../node_modules/react-native/ReactCommon/react/debug`)
  - React-Fabric (from `../node_modules/react-native/ReactCommon`)
  - React-FabricImage (from `../node_modules/react-native/ReactCommon`)
  - React-featureflags (from `../node_modules/react-native/ReactCommon/react/featureflags`)
  - React-graphics (from `../node_modules/react-native/ReactCommon/react/renderer/graphics`)
  - React-hermes (from `../node_modules/react-native/ReactCommon/hermes`)
  - React-ImageManager (from `../node_modules/react-native/ReactCommon/react/renderer/imagemanager/platform/ios`)
  - React-jserrorhandler (from `../node_modules/react-native/ReactCommon/jserrorhandler`)
  - React-jsi (from `../node_modules/react-native/ReactCommon/jsi`)
  - React-jsiexecutor (from `../node_modules/react-native/ReactCommon/jsiexecutor`)
  - React-jsinspector (from `../node_modules/react-native/ReactCommon/jsinspector-modern`)
  - React-jsitracing (from `../node_modules/react-native/ReactCommon/hermes/executor/`)
  - React-logger (from `../node_modules/react-native/ReactCommon/logger`)
  - React-Mapbuffer (from `../node_modules/react-native/ReactCommon`)
  - react-native-safe-area-context (from `../node_modules/react-native-safe-area-context`)
  - React-nativeconfig (from `../node_modules/react-native/ReactCommon`)
  - React-NativeModulesApple (from `../node_modules/react-native/ReactCommon/react/nativemodule/core/platform/ios`)
  - React-perflogger (from `../node_modules/react-native/ReactCommon/reactperflogger`)
  - React-RCTActionSheet (from `../node_modules/react-native/Libraries/ActionSheetIOS`)
  - React-RCTAnimation (from `../node_modules/react-native/Libraries/NativeAnimation`)
  - React-RCTAppDelegate (from `../node_modules/react-native/Libraries/AppDelegate`)
  - React-RCTBlob (from `../node_modules/react-native/Libraries/Blob`)
  - React-RCTFabric (from `../node_modules/react-native/React`)
  - React-RCTImage (from `../node_modules/react-native/Libraries/Image`)
  - React-RCTLinking (from `../node_modules/react-native/Libraries/LinkingIOS`)
  - React-RCTNetwork (from `../node_modules/react-native/Libraries/Network`)
  - React-RCTSettings (from `../node_modules/react-native/Libraries/Settings`)
  - React-RCTText (from `../node_modules/react-native/Libraries/Text`)
  - React-RCTVibration (from `../node_modules/react-native/Libraries/Vibration`)
  - React-rendererdebug (from `../node_modules/react-native/ReactCommon/react/renderer/debug`)
  - React-rncore (from `../node_modules/react-native/ReactCommon`)
  - React-RuntimeApple (from `../node_modules/react-native/ReactCommon/react/runtime/platform/ios`)
  - React-RuntimeCore (from `../node_modules/react-native/ReactCommon/react/runtime`)
  - React-runtimeexecutor (from `../node_modules/react-native/ReactCommon/runtimeexecutor`)
  - React-RuntimeHermes (from `../node_modules/react-native/ReactCommon/react/runtime`)
  - React-runtimescheduler (from `../node_modules/react-native/ReactCommon/react/renderer/runtimescheduler`)
  - React-utils (from `../node_modules/react-native/ReactCommon/react/utils`)
  - ReactCommon/turbomodule/core (from `../node_modules/react-native/ReactCommon`)
  - "RNCMaskedView (from `../node_modules/@react-native-masked-view/masked-view`)"
  - RNGestureHandler (from `../node_modules/react-native-gesture-handler`)
  - RNScreens (from `../node_modules/react-native-screens`)
  - SalesforceAnalytics (from `../mobile_sdk/SalesforceMobileSDK-iOS`)
  - SalesforceCache (from `https://github.com/forcedotcom/SalesforceMobileInterfaces-iOS.git`, tag `1.0.0`)
  - SalesforceReact (from `../node_modules/react-native-force`)
  - SalesforceSDKCommon (from `../mobile_sdk/SalesforceMobileSDK-iOS`)
  - SalesforceSDKCore (from `../mobile_sdk/SalesforceMobileSDK-iOS`)
  - SmartStore (from `../mobile_sdk/SalesforceMobileSDK-iOS`)
  - Yoga (from `../node_modules/react-native/ReactCommon/yoga`)

SPEC REPOS:
  https://github.com/forcedotcom/SalesforceMobileSDK-iOS-Specs/:
    - SalesforceLogging
    - SalesforceNavigation
    - SalesforceNetwork
    - SalesforceUser
  trunk:
    - DequeModule
    - FMDB
    - InternalCollectionsUtilities
    - LiveKitClient
    - LiveKitWebRTC
    - Logging
    - OrderedCollections
    - SocketRocket
    - SQLCipher
    - SwiftProtobuf

EXTERNAL SOURCES:
  AgentforceSDK:
    :podspec: "./Frameworks/AgentforceSDK/AgentforceSDK-binary.podspec"
  AgentforceService:
    :podspec: "./Frameworks/AgentforceService/AgentforceService-binary.podspec"
  boost:
    :podspec: "../node_modules/react-native/third-party-podspecs/boost.podspec"
  DoubleConversion:
    :podspec: "../node_modules/react-native/third-party-podspecs/DoubleConversion.podspec"
  FBLazyVector:
    :path: "../node_modules/react-native/Libraries/FBLazyVector"
  fmt:
    :podspec: "../node_modules/react-native/third-party-podspecs/fmt.podspec"
  glog:
    :podspec: "../node_modules/react-native/third-party-podspecs/glog.podspec"
  hermes-engine:
    :podspec: "../node_modules/react-native/sdks/hermes-engine/hermes-engine.podspec"
    :tag: hermes-2024-09-30-RNv0.74.6-6f503f52cbf98b2b37c4d3900e7f1193d6512548
  MobileSync:
    :path: "../mobile_sdk/SalesforceMobileSDK-iOS"
  RCT-Folly:
    :podspec: "../node_modules/react-native/third-party-podspecs/RCT-Folly.podspec"
  RCTDeprecation:
    :path: "../node_modules/react-native/ReactApple/Libraries/RCTFoundation/RCTDeprecation"
  RCTRequired:
    :path: "../node_modules/react-native/Libraries/Required"
  RCTTypeSafety:
    :path: "../node_modules/react-native/Libraries/TypeSafety"
  React:
    :path: "../node_modules/react-native/"
  React-callinvoker:
    :path: "../node_modules/react-native/ReactCommon/callinvoker"
  React-Codegen:
    :path: build/generated/ios
  React-Core:
    :path: "../node_modules/react-native/"
  React-CoreModules:
    :path: "../node_modules/react-native/React/CoreModules"
  React-cxxreact:
    :path: "../node_modules/react-native/ReactCommon/cxxreact"
  React-debug:
    :path: "../node_modules/react-native/ReactCommon/react/debug"
  React-Fabric:
    :path: "../node_modules/react-native/ReactCommon"
  React-FabricImage:
    :path: "../node_modules/react-native/ReactCommon"
  React-featureflags:
    :path: "../node_modules/react-native/ReactCommon/react/featureflags"
  React-graphics:
    :path: "../node_modules/react-native/ReactCommon/react/renderer/graphics"
  React-hermes:
    :path: "../node_modules/react-native/ReactCommon/hermes"
  React-ImageManager:
    :path: "../node_modules/react-native/ReactCommon/react/renderer/imagemanager/platform/ios"
  React-jserrorhandler:
    :path: "../node_modules/react-native/ReactCommon/jserrorhandler"
  React-jsi:
    :path: "../node_modules/react-native/ReactCommon/jsi"
  React-jsiexecutor:
    :path: "../node_modules/react-native/ReactCommon/jsiexecutor"
  React-jsinspector:
    :path: "../node_modules/react-native/ReactCommon/jsinspector-modern"
  React-jsitracing:
    :path: "../node_modules/react-native/ReactCommon/hermes/executor/"
  React-logger:
    :path: "../node_modules/react-native/ReactCommon/logger"
  React-Mapbuffer:
    :path: "../node_modules/react-native/ReactCommon"
  react-native-safe-area-context:
    :path: "../node_modules/react-native-safe-area-context"
  React-nativeconfig:
    :path: "../node_modules/react-native/ReactCommon"
  React-NativeModulesApple:
    :path: "../node_modules/react-native/ReactCommon/react/nativemodule/core/platform/ios"
  React-perflogger:
    :path: "../node_modules/react-native/ReactCommon/reactperflogger"
  React-RCTActionSheet:
    :path: "../node_modules/react-native/Libraries/ActionSheetIOS"
  React-RCTAnimation:
    :path: "../node_modules/react-native/Libraries/NativeAnimation"
  React-RCTAppDelegate:
    :path: "../node_modules/react-native/Libraries/AppDelegate"
  React-RCTBlob:
    :path: "../node_modules/react-native/Libraries/Blob"
  React-RCTFabric:
    :path: "../node_modules/react-native/React"
  React-RCTImage:
    :path: "../node_modules/react-native/Libraries/Image"
  React-RCTLinking:
    :path: "../node_modules/react-native/Libraries/LinkingIOS"
  React-RCTNetwork:
    :path: "../node_modules/react-native/Libraries/Network"
  React-RCTSettings:
    :path: "../node_modules/react-native/Libraries/Settings"
  React-RCTText:
    :path: "../node_modules/react-native/Libraries/Text"
  React-RCTVibration:
    :path: "../node_modules/react-native/Libraries/Vibration"
  React-rendererdebug:
    :path: "../node_modules/react-native/ReactCommon/react/renderer/debug"
  React-rncore:
    :path: "../node_modules/react-native/ReactCommon"
  React-RuntimeApple:
    :path: "../node_modules/react-native/ReactCommon/react/runtime/platform/ios"
  React-RuntimeCore:
    :path: "../node_modules/react-native/ReactCommon/react/runtime"
  React-runtimeexecutor:
    :path: "../node_modules/react-native/ReactCommon/runtimeexecutor"
  React-RuntimeHermes:
    :path: "../node_modules/react-native/ReactCommon/react/runtime"
  React-runtimescheduler:
    :path: "../node_modules/react-native/ReactCommon/react/renderer/runtimescheduler"
  React-utils:
    :path: "../node_modules/react-native/ReactCommon/react/utils"
  ReactCommon:
    :path: "../node_modules/react-native/ReactCommon"
  RNCMaskedView:
    :path: "../node_modules/@react-native-masked-view/masked-view"
  RNGestureHandler:
    :path: "../node_modules/react-native-gesture-handler"
  RNScreens:
    :path: "../node_modules/react-native-screens"
  SalesforceAnalytics:
    :path: "../mobile_sdk/SalesforceMobileSDK-iOS"
  SalesforceCache:
    :git: https://github.com/forcedotcom/SalesforceMobileInterfaces-iOS.git
    :tag: 1.0.0
  SalesforceReact:
    :path: "../node_modules/react-native-force"
  SalesforceSDKCommon:
    :path: "../mobile_sdk/SalesforceMobileSDK-iOS"
  SalesforceSDKCore:
    :path: "../mobile_sdk/SalesforceMobileSDK-iOS"
  SmartStore:
    :path: "../mobile_sdk/SalesforceMobileSDK-iOS"
  Yoga:
    :path: "../node_modules/react-native/ReactCommon/yoga"

CHECKOUT OPTIONS:
  SalesforceCache:
    :git: https://github.com/forcedotcom/SalesforceMobileInterfaces-iOS.git
    :tag: 1.0.0

SPEC CHECKSUMS:
  AgentforceSDK: 8dd699abc72715b1154127a7970ba277267262c6
  AgentforceService: a8accc1ed8e9731458ec3a085b4478e32d4ecb30
  boost: d3f49c53809116a5d38da093a8aa78bf551aed09
  DequeModule: b3a4cb7a72901d2b182b5bf4721f42ba1e149cdf
  DoubleConversion: 76ab83afb40bddeeee456813d9c04f67f78771b5
  FBLazyVector: 04dc972982abebd96d823752c3a426bbe6ac397f
  FMDB: 728731dd336af3936ce00f91d9d8495f5718a0e6
  fmt: 4c2741a687cc09f0634a2e2c72a838b99f1ff120
  glog: fdfdfe5479092de0c4bdbebedd9056951f092c4f
  hermes-engine: 21ea4e6a0b64854652c8c20cb815efdbb3131fdd
  InternalCollectionsUtilities: af3f471602c4a67cbcb0bee0a80f6f55a33ae453
  LiveKitClient: 051bd7a7562c12df4dc0fca5ff70a414a2c11eaf
  LiveKitWebRTC: fd39d4e51ea51db3367f98c8c82cbf33e50b88c2
  Logging: beeb016c9c80cf77042d62e83495816847ef108b
  MobileSync: e8e3a3b93327334380b7144ba6f76fcd739dba57
  OrderedCollections: c754ce5f9e42cf22b73afd73582317347903ab6d
  RCT-Folly: 5dc73daec3476616d19e8a53f0156176f7b55461
  RCTDeprecation: c4e6e3f6d44f76c45a964b40fa3eb2475259c027
  RCTRequired: c4886806a178cd895cd4a17dae1642b72e7e8233
  RCTTypeSafety: 4e9f36465ccbcca7b62f5cb8fc1ff2c997c3b92e
  React: 7f6ee889aa17245726efe5c0be52389e58d9d7c1
  React-callinvoker: 0155d33f43924c206dfaa040c020d0404bbb54d6
  React-Codegen: dbde37f3f0e1b41442c05cdaac9170266eb32327
  React-Core: 063d3e42f48c671822d16ade452b8d25793cc9fa
  React-CoreModules: 46303f9f50e942fdd8763626464a8a24d9a36419
  React-cxxreact: 08e7fb41e693d0d18266c394d95501c719f81a7e
  React-debug: 2ebca59859f724f9bec1a27ea5e42127323dbb63
  React-Fabric: f35364c067beb490413087d476e7c32ff7ce35d3
  React-FabricImage: e56ff44c910a8cffd7c957101ca6ab7a12f7b5fe
  React-featureflags: 22ae4b2df9d070cbca7bb84ff7b6ce1507c589e5
  React-graphics: e17f9762507f78a65c7c2ea3ec8f15ae3f9b393e
  React-hermes: 1313182de2921855390a3cde52e2a407a345775f
  React-ImageManager: 08b97d6df4f71349ee32a415f971682f5e7b0939
  React-jserrorhandler: 81e491ad79c93e1495fbac4d297de673921c486c
  React-jsi: ffc343198a6e03042a205db9e149f321d356f033
  React-jsiexecutor: 50079a521784bfb675522f1c93dd741200c6d8dc
  React-jsinspector: 1eeb36a1a34369a793e7194838682dd380843b88
  React-jsitracing: 82d47f192fdf740779c586fe06035ab366b73e6a
  React-logger: 58cd5ca2c3ab03a06b33e6d46a210d2b17ca116d
  React-Mapbuffer: 038c3530476b004ab938c56d1a00140afa3fdc3c
  react-native-safe-area-context: 758e894ca5a9bd1868d2a9cfbca7326a2b6bf9dc
  React-nativeconfig: fc1e87992e794e20f5e22116221577f21e05a18c
  React-NativeModulesApple: 02a87759a8b359b91e5f5c57d05204d012bbce20
  React-perflogger: e9ebfc705cb9f60ef5d471637350ccab7abd0444
  React-RCTActionSheet: 75cf1acf78e9c2eab4431c3bec100a6462a7f0d5
  React-RCTAnimation: 93c464b62848bf9eddecf592819ca76111efb542
  React-RCTAppDelegate: 2f909ac09a87c15465f8b9a5a23c522ca1c19bb3
  React-RCTBlob: 946b43b7698e04ca313f4c872d716887f9e87fd8
  React-RCTFabric: d6183f2a3838d6d3db780653d25e947bb34ee66a
  React-RCTImage: f3e09ea018d9d49908ce13b4a56949bb7a27a640
  React-RCTLinking: d808fd43aeb59a4e8851a31b82adcf86d585ac5d
  React-RCTNetwork: c36cabc37ebd5b6944ad2ba6b41971d8fb273dae
  React-RCTSettings: 4268e08911a0005568328fa8909f3558c8ce2a83
  React-RCTText: 82d4e9e279c9cfaed5b95bb86a1d7212a7fd6f21
  React-RCTVibration: 6a0fe57a35bf19d88a611d64563b34fce81af0a7
  React-rendererdebug: 52f603fe6170cf607db1ea49c43eabb2f42a4cf7
  React-rncore: 0812a9d992dc5f522a3b82a44a538206356194c6
  React-RuntimeApple: 3fc2684f07223b77ff34de60c39456e6c72db070
  React-RuntimeCore: a6f1390c11cf7bcaeba0198549bdbda029a93a30
  React-runtimeexecutor: 99640ce20e73e06301dd5e18cc6646fa0968347b
  React-RuntimeHermes: e88641ccd12fc7b0e7879e6ead6b70fe28a5c409
  React-runtimescheduler: 1dcdcd65d72bdce74a58a2da5d5b3295b27c6ca2
  React-utils: e45cd7466d8fd9f1a88611fb8e9d38b92ef05b76
  ReactCommon: 82c202f4ec2759b2e8461a5a524e3d0e9ec14b1e
  RNCMaskedView: d7d429af166e632081fc0933bebad668e8e700b7
  RNGestureHandler: 1ce686552d81933f0ebd5237353188b16fd04cca
  RNScreens: 9ffe14a19aa4fecfe49ead4cfea952cba63e02f5
  SalesforceAnalytics: dcbedf2a52478f72d6f41453cc8264667059eb3f
  SalesforceCache: 2bff32659f761c19e2e721a192802d638150c155
  SalesforceLogging: 174438f5745353c816de5c3188ffaa21be55ff49
  SalesforceNavigation: c7dfa7a232252295585817d0ce3920c7e1dc7ad6
  SalesforceNetwork: 4a527f3c192515507c61d259f70e433a2a4f90dd
  SalesforceReact: 6d17b453ce35820dfd644f8f18ecd6ab16cc7cdc
  SalesforceSDKCommon: 522e0d1295c305d8e121922412b9fe4a752834f3
  SalesforceSDKCore: 80a391e5761d17897c0a75b24407e89498f7eba1
  SalesforceUser: 5b5614e282f7dc491dedcb92d3a6cf6b61f58fd9
  SmartStore: 9fb3af7aaaebb9fcdeab32e70a73c940a6b30bd1
  SocketRocket: abac6f5de4d4d62d24e11868d7a2f427e0ef940d
  SQLCipher: 77fbe633cd84db04b07876dd50766b4924b57d61
  SwiftProtobuf: e02f51c8c2df5845657aee2d4de9d61bf50ef788
  Yoga: 6986e115ef4e300f1f5b4910d5eef51c711c8747

PODFILE CHECKSUM: cc240e99ad016a5961d4ea7ce063ad5801e03982

COCOAPODS: 1.16.2
